
Microsoft Visual Studio Solution File, Format Version 12.00
# Visual Studio 15
VisualStudioVersion = 15.0.28010.2041
MinimumVisualStudioVersion = 10.0.40219.1
Project("{FAE04EC0-301F-11D3-BF4B-00C04F79EFBC}") = "Wpf_Calc", "Wpf_Calc\Wpf_Calc.csproj", "{230577C9-526F-488B-A23C-25ABA2909667}"
EndProject
Global
	GlobalSection(SolutionConfigurationPlatforms) = preSolution
		Debug|Any CPU = Debug|Any CPU
		Release|Any CPU = Release|Any CPU
	EndGlobalSection
	GlobalSection(ProjectConfigurationPlatforms) = postSolution
		{230577C9-526F-488B-A23C-25ABA2909667}.Debug|Any CPU.ActiveCfg = Debug|Any CPU
		{230577C9-526F-488B-A23C-25ABA2909667}.Debug|Any CPU.Build.0 = Debug|Any CPU
		{230577C9-526F-488B-A23C-25ABA2909667}.Release|Any CPU.ActiveCfg = Release|Any CPU
		{230577C9-526F-488B-A23C-25ABA2909667}.Release|Any CPU.Build.0 = Release|Any CPU
	EndGlobalSection
	GlobalSection(SolutionProperties) = preSolution
		HideSolutionNode = FALSE
	EndGlobalSection
	GlobalSection(ExtensibilityGlobals) = postSolution
		SolutionGuid = {534611AB-18AA-409E-831B-BF8E07258E16}
	EndGlobalSection
EndGlobal
